// !$*UTF8*$!
{
	archiveVersion = 1;
	classes = {
	};
	objectVersion = 52;
	objects = {

/* Begin PBXBuildFile section */
		10478F6A269B23D400F6C2F4 /* ElectroluxApp.swift in Sources */ = {isa = PBXBuildFile; fileRef = 10478F69269B23D400F6C2F4 /* ElectroluxApp.swift */; };
		10478F6C269B23D400F6C2F4 /* ContentView.swift in Sources */ = {isa = PBXBuildFile; fileRef = 10478F6B269B23D400F6C2F4 /* ContentView.swift */; };
		10478F6E269B23DC00F6C2F4 /* Assets.xcassets in Resources */ = {isa = PBXBuildFile; fileRef = 10478F6D269B23DC00F6C2F4 /* Assets.xcassets */; };
		10478F71269B23DC00F6C2F4 /* Preview Assets.xcassets in Resources */ = {isa = PBXBuildFile; fileRef = 10478F70269B23DC00F6C2F4 /* Preview Assets.xcassets */; };
		10478F7F269B304400F6C2F4 /* Kingfisher in Frameworks */ = {isa = PBXBuildFile; productRef = 10478F7E269B304400F6C2F4 /* Kingfisher */; };
		10478F83269B30AA00F6C2F4 /* SearchBar.swift in Sources */ = {isa = PBXBuildFile; fileRef = 10478F82269B30AA00F6C2F4 /* SearchBar.swift */; };
		10478F85269B321C00F6C2F4 /* ImageCell.swift in Sources */ = {isa = PBXBuildFile; fileRef = 10478F84269B321C00F6C2F4 /* ImageCell.swift */; };
		10478F87269B328700F6C2F4 /* PhotoViewModel.swift in Sources */ = {isa = PBXBuildFile; fileRef = 10478F86269B328700F6C2F4 /* PhotoViewModel.swift */; };
		10478F89269B32B600F6C2F4 /* PhotoModel.swift in Sources */ = {isa = PBXBuildFile; fileRef = 10478F88269B32B600F6C2F4 /* PhotoModel.swift */; };
		10478F8B269B3EDB00F6C2F4 /* FlickrHelper.swift in Sources */ = {isa = PBXBuildFile; fileRef = 10478F8A269B3EDB00F6C2F4 /* FlickrHelper.swift */; };
		10478F90269B66AD00F6C2F4 /* RxRelay in Frameworks */ = {isa = PBXBuildFile; productRef = 10478F8F269B66AD00F6C2F4 /* RxRelay */; };
		10478F92269B66AD00F6C2F4 /* RxCocoa in Frameworks */ = {isa = PBXBuildFile; productRef = 10478F91269B66AD00F6C2F4 /* RxCocoa */; };
		10478F94269B66AD00F6C2F4 /* RxSwift in Frameworks */ = {isa = PBXBuildFile; productRef = 10478F93269B66AD00F6C2F4 /* RxSwift */; };
		10478F97269B673900F6C2F4 /* URLRequest+Extensions.swift in Sources */ = {isa = PBXBuildFile; fileRef = 10478F96269B673900F6C2F4 /* URLRequest+Extensions.swift */; };
		10478F9B269CD54A00F6C2F4 /* ProgressViewIndicator.swift in Sources */ = {isa = PBXBuildFile; fileRef = 10478F9A269CD54A00F6C2F4 /* ProgressViewIndicator.swift */; };
		10478F9D269D0D3100F6C2F4 /* ImageSaver.swift in Sources */ = {isa = PBXBuildFile; fileRef = 10478F9C269D0D3100F6C2F4 /* ImageSaver.swift */; };
		10478F9F269DC89B00F6C2F4 /* NetworkMonitor.swift in Sources */ = {isa = PBXBuildFile; fileRef = 10478F9E269DC89B00F6C2F4 /* NetworkMonitor.swift */; };
/* End PBXBuildFile section */

/* Begin PBXFileReference section */
		10478F66269B23D400F6C2F4 /* Electrolux.app */ = {isa = PBXFileReference; explicitFileType = wrapper.application; includeInIndex = 0; path = Electrolux.app; sourceTree = BUILT_PRODUCTS_DIR; };
		10478F69269B23D400F6C2F4 /* ElectroluxApp.swift */ = {isa = PBXFileReference; lastKnownFileType = sourcecode.swift; path = ElectroluxApp.swift; sourceTree = "<group>"; };
		10478F6B269B23D400F6C2F4 /* ContentView.swift */ = {isa = PBXFileReference; lastKnownFileType = sourcecode.swift; path = ContentView.swift; sourceTree = "<group>"; };
		10478F6D269B23DC00F6C2F4 /* Assets.xcassets */ = {isa = PBXFileReference; lastKnownFileType = folder.assetcatalog; path = Assets.xcassets; sourceTree = "<group>"; };
		10478F70269B23DC00F6C2F4 /* Preview Assets.xcassets */ = {isa = PBXFileReference; lastKnownFileType = folder.assetcatalog; path = "Preview Assets.xcassets"; sourceTree = "<group>"; };
		10478F72269B23DC00F6C2F4 /* Info.plist */ = {isa = PBXFileReference; lastKnownFileType = text.plist.xml; path = Info.plist; sourceTree = "<group>"; };
		10478F82269B30AA00F6C2F4 /* SearchBar.swift */ = {isa = PBXFileReference; lastKnownFileType = sourcecode.swift; path = SearchBar.swift; sourceTree = "<group>"; };
		10478F84269B321C00F6C2F4 /* ImageCell.swift */ = {isa = PBXFileReference; lastKnownFileType = sourcecode.swift; path = ImageCell.swift; sourceTree = "<group>"; };
		10478F86269B328700F6C2F4 /* PhotoViewModel.swift */ = {isa = PBXFileReference; lastKnownFileType = sourcecode.swift; path = PhotoViewModel.swift; sourceTree = "<group>"; };
		10478F88269B32B600F6C2F4 /* PhotoModel.swift */ = {isa = PBXFileReference; lastKnownFileType = sourcecode.swift; path = PhotoModel.swift; sourceTree = "<group>"; };
		10478F8A269B3EDB00F6C2F4 /* FlickrHelper.swift */ = {isa = PBXFileReference; lastKnownFileType = sourcecode.swift; path = FlickrHelper.swift; sourceTree = "<group>"; };
		10478F96269B673900F6C2F4 /* URLRequest+Extensions.swift */ = {isa = PBXFileReference; lastKnownFileType = sourcecode.swift; path = "URLRequest+Extensions.swift"; sourceTree = "<group>"; };
		10478F9A269CD54A00F6C2F4 /* ProgressViewIndicator.swift */ = {isa = PBXFileReference; lastKnownFileType = sourcecode.swift; path = ProgressViewIndicator.swift; sourceTree = "<group>"; };
		10478F9C269D0D3100F6C2F4 /* ImageSaver.swift */ = {isa = PBXFileReference; lastKnownFileType = sourcecode.swift; path = ImageSaver.swift; sourceTree = "<group>"; };
		10478F9E269DC89B00F6C2F4 /* NetworkMonitor.swift */ = {isa = PBXFileReference; lastKnownFileType = sourcecode.swift; path = NetworkMonitor.swift; sourceTree = "<group>"; };
/* End PBXFileReference section */

/* Begin PBXFrameworksBuildPhase section */
		10478F63269B23D400F6C2F4 /* Frameworks */ = {
			isa = PBXFrameworksBuildPhase;
			buildActionMask = 2147483647;
			files = (
				10478F92269B66AD00F6C2F4 /* RxCocoa in Frameworks */,
				10478F90269B66AD00F6C2F4 /* RxRelay in Frameworks */,
				10478F94269B66AD00F6C2F4 /* RxSwift in Frameworks */,
				10478F7F269B304400F6C2F4 /* Kingfisher in Frameworks */,
			);
			runOnlyForDeploymentPostprocessing = 0;
		};
/* End PBXFrameworksBuildPhase section */

/* Begin PBXGroup section */
		10478F5D269B23D400F6C2F4 = {
			isa = PBXGroup;
			children = (
				10478F68269B23D400F6C2F4 /* Electrolux */,
				10478F67269B23D400F6C2F4 /* Products */,
			);
			sourceTree = "<group>";
		};
		10478F67269B23D400F6C2F4 /* Products */ = {
			isa = PBXGroup;
			children = (
				10478F66269B23D400F6C2F4 /* Electrolux.app */,
			);
			name = Products;
			sourceTree = "<group>";
		};
		10478F68269B23D400F6C2F4 /* Electrolux */ = {
			isa = PBXGroup;
			children = (
				10478F95269B670E00F6C2F4 /* Extensions */,
				10478F7C269B250200F6C2F4 /* ViewModels */,
				10478F7A269B24D100F6C2F4 /* View */,
				10478F79269B24C900F6C2F4 /* Model */,
				10478F78269B24C100F6C2F4 /* Utils */,
				10478F69269B23D400F6C2F4 /* ElectroluxApp.swift */,
				10478F6D269B23DC00F6C2F4 /* Assets.xcassets */,
				10478F72269B23DC00F6C2F4 /* Info.plist */,
				10478F6F269B23DC00F6C2F4 /* Preview Content */,
			);
			path = Electrolux;
			sourceTree = "<group>";
		};
		10478F6F269B23DC00F6C2F4 /* Preview Content */ = {
			isa = PBXGroup;
			children = (
				10478F70269B23DC00F6C2F4 /* Preview Assets.xcassets */,
			);
			path = "Preview Content";
			sourceTree = "<group>";
		};
		10478F78269B24C100F6C2F4 /* Utils */ = {
			isa = PBXGroup;
			children = (
				10478F8A269B3EDB00F6C2F4 /* FlickrHelper.swift */,
				10478F9C269D0D3100F6C2F4 /* ImageSaver.swift */,
				10478F9E269DC89B00F6C2F4 /* NetworkMonitor.swift */,
			);
			path = Utils;
			sourceTree = "<group>";
		};
		10478F79269B24C900F6C2F4 /* Model */ = {
			isa = PBXGroup;
			children = (
				10478F88269B32B600F6C2F4 /* PhotoModel.swift */,
			);
			path = Model;
			sourceTree = "<group>";
		};
		10478F7A269B24D100F6C2F4 /* View */ = {
			isa = PBXGroup;
			children = (
				10478F7B269B24F500F6C2F4 /* Main */,
				10478F82269B30AA00F6C2F4 /* SearchBar.swift */,
				10478F9A269CD54A00F6C2F4 /* ProgressViewIndicator.swift */,
			);
			path = View;
			sourceTree = "<group>";
		};
		10478F7B269B24F500F6C2F4 /* Main */ = {
			isa = PBXGroup;
			children = (
				10478F6B269B23D400F6C2F4 /* ContentView.swift */,
				10478F84269B321C00F6C2F4 /* ImageCell.swift */,
			);
			path = Main;
			sourceTree = "<group>";
		};
		10478F7C269B250200F6C2F4 /* ViewModels */ = {
			isa = PBXGroup;
			children = (
				10478F86269B328700F6C2F4 /* PhotoViewModel.swift */,
			);
			path = ViewModels;
			sourceTree = "<group>";
		};
		10478F95269B670E00F6C2F4 /* Extensions */ = {
			isa = PBXGroup;
			children = (
				10478F96269B673900F6C2F4 /* URLRequest+Extensions.swift */,
			);
			path = Extensions;
			sourceTree = "<group>";
		};
/* End PBXGroup section */

/* Begin PBXNativeTarget section */
		10478F65269B23D400F6C2F4 /* Electrolux */ = {
			isa = PBXNativeTarget;
			buildConfigurationList = 10478F75269B23DC00F6C2F4 /* Build configuration list for PBXNativeTarget "Electrolux" */;
			buildPhases = (
				10478F62269B23D400F6C2F4 /* Sources */,
				10478F63269B23D400F6C2F4 /* Frameworks */,
				10478F64269B23D400F6C2F4 /* Resources */,
			);
			buildRules = (
			);
			dependencies = (
			);
			name = Electrolux;
			packageProductDependencies = (
				10478F7E269B304400F6C2F4 /* Kingfisher */,
				10478F8F269B66AD00F6C2F4 /* RxRelay */,
				10478F91269B66AD00F6C2F4 /* RxCocoa */,
				10478F93269B66AD00F6C2F4 /* RxSwift */,
			);
			productName = Electrolux;
			productReference = 10478F66269B23D400F6C2F4 /* Electrolux.app */;
			productType = "com.apple.product-type.application";
		};
/* End PBXNativeTarget section */

/* Begin PBXProject section */
		10478F5E269B23D400F6C2F4 /* Project object */ = {
			isa = PBXProject;
			attributes = {
				LastSwiftUpdateCheck = 1250;
				LastUpgradeCheck = 1250;
				TargetAttributes = {
					10478F65269B23D400F6C2F4 = {
						CreatedOnToolsVersion = 12.5;
					};
				};
			};
			buildConfigurationList = 10478F61269B23D400F6C2F4 /* Build configuration list for PBXProject "Electrolux" */;
			compatibilityVersion = "Xcode 9.3";
			developmentRegion = en;
			hasScannedForEncodings = 0;
			knownRegions = (
				en,
				Base,
			);
			mainGroup = 10478F5D269B23D400F6C2F4;
			packageReferences = (
				10478F7D269B304400F6C2F4 /* XCRemoteSwiftPackageReference "Kingfisher" */,
				10478F8E269B66AD00F6C2F4 /* XCRemoteSwiftPackageReference "RxSwift" */,
			);
			productRefGroup = 10478F67269B23D400F6C2F4 /* Products */;
			projectDirPath = "";
			projectRoot = "";
			targets = (
				10478F65269B23D400F6C2F4 /* Electrolux */,
			);
		};
/* End PBXProject section */

/* Begin PBXResourcesBuildPhase section */
		10478F64269B23D400F6C2F4 /* Resources */ = {
			isa = PBXResourcesBuildPhase;
			buildActionMask = 2147483647;
			files = (
				10478F71269B23DC00F6C2F4 /* Preview Assets.xcassets in Resources */,
				10478F6E269B23DC00F6C2F4 /* Assets.xcassets in Resources */,
			);
			runOnlyForDeploymentPostprocessing = 0;
		};
/* End PBXResourcesBuildPhase section */

/* Begin PBXSourcesBuildPhase section */
		10478F62269B23D400F6C2F4 /* Sources */ = {
			isa = PBXSourcesBuildPhase;
			buildActionMask = 2147483647;
			files = (
				10478F9F269DC89B00F6C2F4 /* NetworkMonitor.swift in Sources */,
				10478F6C269B23D400F6C2F4 /* ContentView.swift in Sources */,
				10478F89269B32B600F6C2F4 /* PhotoModel.swift in Sources */,
				10478F97269B673900F6C2F4 /* URLRequest+Extensions.swift in Sources */,
				10478F87269B328700F6C2F4 /* PhotoViewModel.swift in Sources */,
				10478F85269B321C00F6C2F4 /* ImageCell.swift in Sources */,
				10478F9D269D0D3100F6C2F4 /* ImageSaver.swift in Sources */,
				10478F6A269B23D400F6C2F4 /* ElectroluxApp.swift in Sources */,
				10478F9B269CD54A00F6C2F4 /* ProgressViewIndicator.swift in Sources */,
				10478F8B269B3EDB00F6C2F4 /* FlickrHelper.swift in Sources */,
				10478F83269B30AA00F6C2F4 /* SearchBar.swift in Sources */,
			);
			runOnlyForDeploymentPostprocessing = 0;
		};
/* End PBXSourcesBuildPhase section */

/* Begin XCBuildConfiguration section */
		10478F73269B23DC00F6C2F4 /* Debug */ = {
			isa = XCBuildConfiguration;
			buildSettings = {
				ALWAYS_SEARCH_USER_PATHS = NO;
				CLANG_ANALYZER_NONNULL = YES;
				CLANG_ANALYZER_NUMBER_OBJECT_CONVERSION = YES_AGGRESSIVE;
				CLANG_CXX_LANGUAGE_STANDARD = "gnu++14";
				CLANG_CXX_LIBRARY = "libc++";
				CLANG_ENABLE_MODULES = YES;
				CLANG_ENABLE_OBJC_ARC = YES;
				CLANG_ENABLE_OBJC_WEAK = YES;
				CLANG_WARN_BLOCK_CAPTURE_AUTORELEASING = YES;
				CLANG_WARN_BOOL_CONVERSION = YES;
				CLANG_WARN_COMMA = YES;
				CLANG_WARN_CONSTANT_CONVERSION = YES;
				CLANG_WARN_DEPRECATED_OBJC_IMPLEMENTATIONS = YES;
				CLANG_WARN_DIRECT_OBJC_ISA_USAGE = YES_ERROR;
				CLANG_WARN_DOCUMENTATION_COMMENTS = YES;
				CLANG_WARN_EMPTY_BODY = YES;
				CLANG_WARN_ENUM_CONVERSION = YES;
				CLANG_WARN_INFINITE_RECURSION = YES;
				CLANG_WARN_INT_CONVERSION = YES;
				CLANG_WARN_NON_LITERAL_NULL_CONVERSION = YES;
				CLANG_WARN_OBJC_IMPLICIT_RETAIN_SELF = YES;
				CLANG_WARN_OBJC_LITERAL_CONVERSION = YES;
				CLANG_WARN_OBJC_ROOT_CLASS = YES_ERROR;
				CLANG_WARN_QUOTED_INCLUDE_IN_FRAMEWORK_HEADER = YES;
				CLANG_WARN_RANGE_LOOP_ANALYSIS = YES;
				CLANG_WARN_STRICT_PROTOTYPES = YES;
				CLANG_WARN_SUSPICIOUS_MOVE = YES;
				CLANG_WARN_UNGUARDED_AVAILABILITY = YES_AGGRESSIVE;
				CLANG_WARN_UNREACHABLE_CODE = YES;
				CLANG_WARN__DUPLICATE_METHOD_MATCH = YES;
				COPY_PHASE_STRIP = NO;
				DEBUG_INFORMATION_FORMAT = dwarf;
				ENABLE_STRICT_OBJC_MSGSEND = YES;
				ENABLE_TESTABILITY = YES;
				GCC_C_LANGUAGE_STANDARD = gnu11;
				GCC_DYNAMIC_NO_PIC = NO;
				GCC_NO_COMMON_BLOCKS = YES;
				GCC_OPTIMIZATION_LEVEL = 0;
				GCC_PREPROCESSOR_DEFINITIONS = (
					"DEBUG=1",
					"$(inherited)",
				);
				GCC_WARN_64_TO_32_BIT_CONVERSION = YES;
				GCC_WARN_ABOUT_RETURN_TYPE = YES_ERROR;
				GCC_WARN_UNDECLARED_SELECTOR = YES;
				GCC_WARN_UNINITIALIZED_AUTOS = YES_AGGRESSIVE;
				GCC_WARN_UNUSED_FUNCTION = YES;
				GCC_WARN_UNUSED_VARIABLE = YES;
				IPHONEOS_DEPLOYMENT_TARGET = 14.5;
				MTL_ENABLE_DEBUG_INFO = INCLUDE_SOURCE;
				MTL_FAST_MATH = YES;
				ONLY_ACTIVE_ARCH = YES;
				SDKROOT = iphoneos;
				SWIFT_ACTIVE_COMPILATION_CONDITIONS = DEBUG;
				SWIFT_OPTIMIZATION_LEVEL = "-Onone";
			};
			name = Debug;
		};
		10478F74269B23DC00F6C2F4 /* Release */ = {
			isa = XCBuildConfiguration;
			buildSettings = {
				ALWAYS_SEARCH_USER_PATHS = NO;
				CLANG_ANALYZER_NONNULL = YES;
				CLANG_ANALYZER_NUMBER_OBJECT_CONVERSION = YES_AGGRESSIVE;
				CLANG_CXX_LANGUAGE_STANDARD = "gnu++14";
				CLANG_CXX_LIBRARY = "libc++";
				CLANG_ENABLE_MODULES = YES;
				CLANG_ENABLE_OBJC_ARC = YES;
				CLANG_ENABLE_OBJC_WEAK = YES;
				CLANG_WARN_BLOCK_CAPTURE_AUTORELEASING = YES;
				CLANG_WARN_BOOL_CONVERSION = YES;
				CLANG_WARN_COMMA = YES;
				CLANG_WARN_CONSTANT_CONVERSION = YES;
				CLANG_WARN_DEPRECATED_OBJC_IMPLEMENTATIONS = YES;
				CLANG_WARN_DIRECT_OBJC_ISA_USAGE = YES_ERROR;
				CLANG_WARN_DOCUMENTATION_COMMENTS = YES;
				CLANG_WARN_EMPTY_BODY = YES;
				CLANG_WARN_ENUM_CONVERSION = YES;
				CLANG_WARN_INFINITE_RECURSION = YES;
				CLANG_WARN_INT_CONVERSION = YES;
				CLANG_WARN_NON_LITERAL_NULL_CONVERSION = YES;
				CLANG_WARN_OBJC_IMPLICIT_RETAIN_SELF = YES;
				CLANG_WARN_OBJC_LITERAL_CONVERSION = YES;
				CLANG_WARN_OBJC_ROOT_CLASS = YES_ERROR;
				CLANG_WARN_QUOTED_INCLUDE_IN_FRAMEWORK_HEADER = YES;
				CLANG_WARN_RANGE_LOOP_ANALYSIS = YES;
				CLANG_WARN_STRICT_PROTOTYPES = YES;
				CLANG_WARN_SUSPICIOUS_MOVE = YES;
				CLANG_WARN_UNGUARDED_AVAILABILITY = YES_AGGRESSIVE;
				CLANG_WARN_UNREACHABLE_CODE = YES;
				CLANG_WARN__DUPLICATE_METHOD_MATCH = YES;
				COPY_PHASE_STRIP = NO;
				DEBUG_INFORMATION_FORMAT = "dwarf-with-dsym";
				ENABLE_NS_ASSERTIONS = NO;
				ENABLE_STRICT_OBJC_MSGSEND = YES;
				GCC_C_LANGUAGE_STANDARD = gnu11;
				GCC_NO_COMMON_BLOCKS = YES;
				GCC_WARN_64_TO_32_BIT_CONVERSION = YES;
				GCC_WARN_ABOUT_RETURN_TYPE = YES_ERROR;
				GCC_WARN_UNDECLARED_SELECTOR = YES;
				GCC_WARN_UNINITIALIZED_AUTOS = YES_AGGRESSIVE;
				GCC_WARN_UNUSED_FUNCTION = YES;
				GCC_WARN_UNUSED_VARIABLE = YES;
				IPHONEOS_DEPLOYMENT_TARGET = 14.5;
				MTL_ENABLE_DEBUG_INFO = NO;
				MTL_FAST_MATH = YES;
				SDKROOT = iphoneos;
				SWIFT_COMPILATION_MODE = wholemodule;
				SWIFT_OPTIMIZATION_LEVEL = "-O";
				VALIDATE_PRODUCT = YES;
			};
			name = Release;
		};
		10478F76269B23DC00F6C2F4 /* Debug */ = {
			isa = XCBuildConfiguration;
			buildSettings = {
				ASSETCATALOG_COMPILER_APPICON_NAME = AppIcon;
				ASSETCATALOG_COMPILER_GLOBAL_ACCENT_COLOR_NAME = AccentColor;
				CODE_SIGN_STYLE = Automatic;
				DEVELOPMENT_ASSET_PATHS = "\"Electrolux/Preview Content\"";
				DEVELOPMENT_TEAM = GQ3DTQGNTX;
				ENABLE_PREVIEWS = YES;
				INFOPLIST_FILE = Electrolux/Info.plist;
				IPHONEOS_DEPLOYMENT_TARGET = 14.0;
				LD_RUNPATH_SEARCH_PATHS = (
					"$(inherited)",
					"@executable_path/Frameworks",
				);
				PRODUCT_BUNDLE_IDENTIFIER = "com.mehmetcan.seyhan-gmail.com.Electrolux";
				PRODUCT_NAME = "$(TARGET_NAME)";
				SWIFT_VERSION = 5.0;
				TARGETED_DEVICE_FAMILY = "1,2";
			};
			name = Debug;
		};
		10478F77269B23DC00F6C2F4 /* Release */ = {
			isa = XCBuildConfiguration;
			buildSettings = {
				ASSETCATALOG_COMPILER_APPICON_NAME = AppIcon;
				ASSETCATALOG_COMPILER_GLOBAL_ACCENT_COLOR_NAME = AccentColor;
				CODE_SIGN_STYLE = Automatic;
				DEVELOPMENT_ASSET_PATHS = "\"Electrolux/Preview Content\"";
				DEVELOPMENT_TEAM = GQ3DTQGNTX;
				ENABLE_PREVIEWS = YES;
				INFOPLIST_FILE = Electrolux/Info.plist;
				IPHONEOS_DEPLOYMENT_TARGET = 14.0;
				LD_RUNPATH_SEARCH_PATHS = (
					"$(inherited)",
					"@executable_path/Frameworks",
				);
				PRODUCT_BUNDLE_IDENTIFIER = "com.mehmetcan.seyhan-gmail.com.Electrolux";
				PRODUCT_NAME = "$(TARGET_NAME)";
				SWIFT_VERSION = 5.0;
				TARGETED_DEVICE_FAMILY = "1,2";
			};
			name = Release;
		};
/* End XCBuildConfiguration section */

/* Begin XCConfigurationList section */
		10478F61269B23D400F6C2F4 /* Build configuration list for PBXProject "Electrolux" */ = {
			isa = XCConfigurationList;
			buildConfigurations = (
				10478F73269B23DC00F6C2F4 /* Debug */,
				10478F74269B23DC00F6C2F4 /* Release */,
			);
			defaultConfigurationIsVisible = 0;
			defaultConfigurationName = Release;
		};
		10478F75269B23DC00F6C2F4 /* Build configuration list for PBXNativeTarget "Electrolux" */ = {
			isa = XCConfigurationList;
			buildConfigurations = (
				10478F76269B23DC00F6C2F4 /* Debug */,
				10478F77269B23DC00F6C2F4 /* Release */,
			);
			defaultConfigurationIsVisible = 0;
			defaultConfigurationName = Release;
		};
/* End XCConfigurationList section */

/* Begin XCRemoteSwiftPackageReference section */
		10478F7D269B304400F6C2F4 /* XCRemoteSwiftPackageReference "Kingfisher" */ = {
			isa = XCRemoteSwiftPackageReference;
			repositoryURL = "https://github.com/onevcat/Kingfisher.git";
			requirement = {
				kind = upToNextMajorVersion;
				minimumVersion = 6.3.0;
			};
		};
		10478F8E269B66AD00F6C2F4 /* XCRemoteSwiftPackageReference "RxSwift" */ = {
			isa = XCRemoteSwiftPackageReference;
			repositoryURL = "https://github.com/ReactiveX/RxSwift.git";
			requirement = {
				kind = upToNextMajorVersion;
				minimumVersion = 6.2.0;
			};
		};
/* End XCRemoteSwiftPackageReference section */

/* Begin XCSwiftPackageProductDependency section */
		10478F7E269B304400F6C2F4 /* Kingfisher */ = {
			isa = XCSwiftPackageProductDependency;
			package = 10478F7D269B304400F6C2F4 /* XCRemoteSwiftPackageReference "Kingfisher" */;
			productName = Kingfisher;
		};
		10478F8F269B66AD00F6C2F4 /* RxRelay */ = {
			isa = XCSwiftPackageProductDependency;
			package = 10478F8E269B66AD00F6C2F4 /* XCRemoteSwiftPackageReference "RxSwift" */;
			productName = RxRelay;
		};
		10478F91269B66AD00F6C2F4 /* RxCocoa */ = {
			isa = XCSwiftPackageProductDependency;
			package = 10478F8E269B66AD00F6C2F4 /* XCRemoteSwiftPackageReference "RxSwift" */;
			productName = RxCocoa;
		};
		10478F93269B66AD00F6C2F4 /* RxSwift */ = {
			isa = XCSwiftPackageProductDependency;
			package = 10478F8E269B66AD00F6C2F4 /* XCRemoteSwiftPackageReference "RxSwift" */;
			productName = RxSwift;
		};
/* End XCSwiftPackageProductDependency section */
	};
	rootObject = 10478F5E269B23D400F6C2F4 /* Project object */;
}
